
Microsoft Visual Studio Solution File, Format Version 12.00
# Visual Studio Version 17
VisualStudioVersion = 17.9.34728.123
MinimumVisualStudioVersion = 10.0.40219.1
Project("{FAE04EC0-301F-11D3-BF4B-00C04F79EFBC}") = "GameRTIPPO", "GameRTIPPO\GameRTIPPO.csproj", "{BC287DB9-B04F-46A0-94F6-404CCBC508AF}"
EndProject
Global
	GlobalSection(SolutionConfigurationPlatforms) = preSolution
		Debug|Any CPU = Debug|Any CPU
		Release|Any CPU = Release|Any CPU
	EndGlobalSection
	GlobalSection(ProjectConfigurationPlatforms) = postSolution
		{BC287DB9-B04F-46A0-94F6-404CCBC508AF}.Debug|Any CPU.ActiveCfg = Debug|Any CPU
		{BC287DB9-B04F-46A0-94F6-404CCBC508AF}.Debug|Any CPU.Build.0 = Debug|Any CPU
		{BC287DB9-B04F-46A0-94F6-404CCBC508AF}.Release|Any CPU.ActiveCfg = Release|Any CPU
		{BC287DB9-B04F-46A0-94F6-404CCBC508AF}.Release|Any CPU.Build.0 = Release|Any CPU
	EndGlobalSection
	GlobalSection(SolutionProperties) = preSolution
		HideSolutionNode = FALSE
	EndGlobalSection
	GlobalSection(ExtensibilityGlobals) = postSolution
		SolutionGuid = {7AA794A3-7AA4-47AC-AD40-87D18738EED5}
	EndGlobalSection
EndGlobal
